{
  "version": 4,
  "terraform_version": "1.5.7",
  "serial": 4,
  "lineage": "b223584c-69d7-0e48-f583-9544dece4b63",
  "outputs": {
    "apis_enabled": {
      "value": {
        "cloud_resource_manager": "cloudresourcemanager.googleapis.com",
        "compute_engine": "compute.googleapis.com"
      },
      "type": [
        "object",
        {
          "cloud_resource_manager": "string",
          "compute_engine": "string"
        }
      ]
    },
    "project_id": {
      "value": "consumer-test-project-456",
      "type": "string"
    },
    "psc_endpoint_name": {
      "value": "psc-endpoint",
      "type": "string"
    },
    "psc_subnet_name": {
      "value": "psc-subnet",
      "type": "string"
    },
    "region": {
      "value": "us-central1",
      "type": "string"
    },
    "service_attachment_uri": {
      "value": "projects/wbb8462e03c213cf2p-tp/regions/us-central1/serviceAttachments/a-f4fbc6e03519-psc-service-attachment-2f5b5b1924c1797a",
      "type": "string"
    },
    "vm_subnet_name": {
      "value": "vm-subnet",
      "type": "string"
    },
    "vpc_name": {
      "value": "consumer-vpc",
      "type": "string"
    }
  },
  "resources": [
    {
      "mode": "managed",
      "type": "google_compute_address",
      "name": "psc_ip",
      "provider": "provider[\"registry.terraform.io/hashicorp/google\"]",
      "instances": []
    },
    {
      "mode": "managed",
      "type": "google_compute_firewall",
      "name": "allow_postgres_egress",
      "provider": "provider[\"registry.terraform.io/hashicorp/google\"]",
      "instances": []
    },
    {
      "mode": "managed",
      "type": "google_compute_firewall",
      "name": "default_allow_internal",
      "provider": "provider[\"registry.terraform.io/hashicorp/google\"]",
      "instances": []
    },
    {
      "mode": "managed",
      "type": "google_compute_firewall",
      "name": "default_allow_ssh",
      "provider": "provider[\"registry.terraform.io/hashicorp/google\"]",
      "instances": []
    },
    {
      "mode": "managed",
      "type": "google_compute_forwarding_rule",
      "name": "psc_endpoint",
      "provider": "provider[\"registry.terraform.io/hashicorp/google\"]",
      "instances": []
    },
    {
      "mode": "managed",
      "type": "google_compute_router",
      "name": "nat_router",
      "provider": "provider[\"registry.terraform.io/hashicorp/google\"]",
      "instances": []
    },
    {
      "mode": "managed",
      "type": "google_compute_router_nat",
      "name": "nat",
      "provider": "provider[\"registry.terraform.io/hashicorp/google\"]",
      "instances": []
    },
    {
      "mode": "managed",
      "type": "google_compute_subnetwork",
      "name": "psc_subnet",
      "provider": "provider[\"registry.terraform.io/hashicorp/google\"]",
      "instances": []
    },
    {
      "mode": "managed",
      "type": "google_compute_subnetwork",
      "name": "vm_subnet",
      "provider": "provider[\"registry.terraform.io/hashicorp/google\"]",
      "instances": []
    },
    {
      "mode": "managed",
      "type": "google_project_service",
      "name": "cloud_resource_manager",
      "provider": "provider[\"registry.terraform.io/hashicorp/google\"]",
      "instances": [
        {
          "schema_version": 0,
          "attributes": {
            "disable_dependent_services": true,
            "disable_on_destroy": false,
            "id": "consumer-test-project-456/cloudresourcemanager.googleapis.com",
            "project": "consumer-test-project-456",
            "service": "cloudresourcemanager.googleapis.com",
            "timeouts": {
              "create": "15m",
              "delete": "15m",
              "read": null,
              "update": "15m"
            }
          },
          "sensitive_attributes": [],
          "private": "eyJlMmJmYjczMC1lY2FhLTExZTYtOGY4OC0zNDM2M2JjN2M0YzAiOnsiY3JlYXRlIjo5MDAwMDAwMDAwMDAsImRlbGV0ZSI6OTAwMDAwMDAwMDAwLCJyZWFkIjo2MDAwMDAwMDAwMDAsInVwZGF0ZSI6OTAwMDAwMDAwMDAwfX0="
        }
      ]
    },
    {
      "mode": "managed",
      "type": "google_project_service",
      "name": "compute_engine",
      "provider": "provider[\"registry.terraform.io/hashicorp/google\"]",
      "instances": [
        {
          "schema_version": 0,
          "attributes": {
            "disable_dependent_services": true,
            "disable_on_destroy": false,
            "id": "consumer-test-project-456/compute.googleapis.com",
            "project": "consumer-test-project-456",
            "service": "compute.googleapis.com",
            "timeouts": {
              "create": "15m",
              "delete": "15m",
              "read": null,
              "update": "15m"
            }
          },
          "sensitive_attributes": [],
          "private": "eyJlMmJmYjczMC1lY2FhLTExZTYtOGY4OC0zNDM2M2JjN2M0YzAiOnsiY3JlYXRlIjo5MDAwMDAwMDAwMDAsImRlbGV0ZSI6OTAwMDAwMDAwMDAwLCJyZWFkIjo2MDAwMDAwMDAwMDAsInVwZGF0ZSI6OTAwMDAwMDAwMDAwfX0=",
          "dependencies": [
            "google_project_service.cloud_resource_manager"
          ]
        }
      ]
    }
  ],
  "check_results": null
}
