{
  "version": 4,
  "terraform_version": "1.5.7",
  "serial": 17,
  "lineage": "8e153035-c21a-ed02-21a0-d35019729c9b",
  "outputs": {
    "apis_enabled": {
      "value": {
        "cloud_resource_manager": "cloudresourcemanager.googleapis.com",
        "compute_engine": "compute.googleapis.com"
      },
      "type": [
        "object",
        {
          "cloud_resource_manager": "string",
          "compute_engine": "string"
        }
      ]
    }
  },
  "resources": [
    {
      "mode": "managed",
      "type": "google_compute_address",
      "name": "psc_reserved_ip",
      "provider": "provider[\"registry.terraform.io/hashicorp/google\"]",
      "instances": [
        {
          "schema_version": 0,
          "attributes": {
            "address": "10.20.0.4",
            "address_type": "INTERNAL",
            "creation_timestamp": "2025-06-16T16:43:08.197-07:00",
            "description": "",
            "id": "projects/test-project-2-462619/regions/us-central1/addresses/psc-reserved-ip",
            "ip_version": "",
            "ipv6_endpoint_type": "",
            "name": "psc-reserved-ip",
            "network": "",
            "network_tier": "PREMIUM",
            "prefix_length": 0,
            "project": "test-project-2-462619",
            "purpose": "GCE_ENDPOINT",
            "region": "us-central1",
            "self_link": "https://www.googleapis.com/compute/v1/projects/test-project-2-462619/regions/us-central1/addresses/psc-reserved-ip",
            "subnetwork": "https://www.googleapis.com/compute/v1/projects/test-project-2-462619/regions/us-central1/subnetworks/consumer-subnet",
            "timeouts": null,
            "users": []
          },
          "sensitive_attributes": [],
          "private": "eyJlMmJmYjczMC1lY2FhLTExZTYtOGY4OC0zNDM2M2JjN2M0YzAiOnsiY3JlYXRlIjoxMjAwMDAwMDAwMDAwLCJkZWxldGUiOjEyMDAwMDAwMDAwMDB9fQ=="
        }
      ]
    },
    {
      "mode": "managed",
      "type": "google_compute_forwarding_rule",
      "name": "psc_endpoint",
      "provider": "provider[\"registry.terraform.io/hashicorp/google\"]",
      "instances": [
        {
          "schema_version": 0,
          "attributes": {
            "all_ports": false,
            "allow_global_access": false,
            "allow_psc_global_access": false,
            "backend_service": "",
            "base_forwarding_rule": "",
            "creation_timestamp": "2025-06-16T16:43:09.555-07:00",
            "description": "",
            "effective_labels": {},
            "id": "projects/test-project-2-462619/regions/us-central1/forwardingRules/psc-endpoint",
            "ip_address": "10.20.0.4",
            "ip_protocol": "",
            "ip_version": "",
            "is_mirroring_collector": false,
            "label_fingerprint": "42WmSpB8rSM=",
            "labels": null,
            "load_balancing_scheme": "",
            "name": "psc-endpoint",
            "network": "https://www.googleapis.com/compute/v1/projects/test-project-2-462619/global/networks/consumer-vpc",
            "network_tier": "PREMIUM",
            "no_automate_dns_zone": null,
            "port_range": "",
            "ports": null,
            "project": "test-project-2-462619",
            "psc_connection_id": "51293287051689988",
            "psc_connection_status": "PENDING",
            "region": "us-central1",
            "self_link": "https://www.googleapis.com/compute/v1/projects/test-project-2-462619/regions/us-central1/forwardingRules/psc-endpoint",
            "service_directory_registrations": [
              {
                "namespace": "goog-psc-default",
                "service": ""
              }
            ],
            "service_label": "",
            "service_name": "",
            "source_ip_ranges": null,
            "subnetwork": "https://www.googleapis.com/compute/v1/projects/test-project-2-462619/regions/us-central1/subnetworks/consumer-subnet",
            "target": "https://www.googleapis.com/compute/v1/projects/test-project-461321/regions/us-central1/serviceAttachments/producer-attachment",
            "terraform_labels": {},
            "timeouts": null
          },
          "sensitive_attributes": [],
          "private": "eyJlMmJmYjczMC1lY2FhLTExZTYtOGY4OC0zNDM2M2JjN2M0YzAiOnsiY3JlYXRlIjoxMjAwMDAwMDAwMDAwLCJkZWxldGUiOjEyMDAwMDAwMDAwMDAsInVwZGF0ZSI6MTIwMDAwMDAwMDAwMH19",
          "dependencies": [
            "google_compute_address.psc_reserved_ip"
          ]
        }
      ]
    },
    {
      "mode": "managed",
      "type": "google_project_service",
      "name": "cloud_resource_manager",
      "provider": "provider[\"registry.terraform.io/hashicorp/google\"]",
      "instances": [
        {
          "schema_version": 0,
          "attributes": {
            "disable_dependent_services": true,
            "disable_on_destroy": false,
            "id": "consumer-test-project-463821/cloudresourcemanager.googleapis.com",
            "project": "consumer-test-project-463821",
            "service": "cloudresourcemanager.googleapis.com",
            "timeouts": {
              "create": "15m",
              "delete": "15m",
              "read": null,
              "update": "15m"
            }
          },
          "sensitive_attributes": [],
          "private": "eyJlMmJmYjczMC1lY2FhLTExZTYtOGY4OC0zNDM2M2JjN2M0YzAiOnsiY3JlYXRlIjo5MDAwMDAwMDAwMDAsImRlbGV0ZSI6OTAwMDAwMDAwMDAwLCJyZWFkIjo2MDAwMDAwMDAwMDAsInVwZGF0ZSI6OTAwMDAwMDAwMDAwfX0="
        }
      ]
    },
    {
      "mode": "managed",
      "type": "google_project_service",
      "name": "compute_engine",
      "provider": "provider[\"registry.terraform.io/hashicorp/google\"]",
      "instances": [
        {
          "schema_version": 0,
          "attributes": {
            "disable_dependent_services": true,
            "disable_on_destroy": false,
            "id": "consumer-test-project-463821/compute.googleapis.com",
            "project": "consumer-test-project-463821",
            "service": "compute.googleapis.com",
            "timeouts": {
              "create": "15m",
              "delete": "15m",
              "read": null,
              "update": "15m"
            }
          },
          "sensitive_attributes": [],
          "private": "eyJlMmJmYjczMC1lY2FhLTExZTYtOGY4OC0zNDM2M2JjN2M0YzAiOnsiY3JlYXRlIjo5MDAwMDAwMDAwMDAsImRlbGV0ZSI6OTAwMDAwMDAwMDAwLCJyZWFkIjo2MDAwMDAwMDAwMDAsInVwZGF0ZSI6OTAwMDAwMDAwMDAwfX0=",
          "dependencies": [
            "google_project_service.cloud_resource_manager"
          ]
        }
      ]
    }
  ],
  "check_results": null
}
